
Microsoft Visual Studio Solution File, Format Version 12.00
# Visual Studio Version 16
VisualStudioVersion = 16.0.28803.352
MinimumVisualStudioVersion = 10.0.40219.1
Project("{2150E333-8FDC-42A3-9474-1A3956D46DE8}") = "src", "src", "{27181691-9684-4254-AE70-DBF6444BCA73}"
EndProject
Project("{9A19103F-16F7-4668-BE54-9A1E7A4F7556}") = "Pcf.Replatform.Bootstrap.Base", "src\Pcf.Replatform.Bootstrap.Base\Pcf.Replatform.Bootstrap.Base.csproj", "{5E803BC4-0E14-4BAF-9B7A-BA5361EBC4AA}"
EndProject
Project("{9A19103F-16F7-4668-BE54-9A1E7A4F7556}") = "PCF.Replatform.Bootstrap.Actuators", "src\PCF.Replatform.Bootstrap.Actuators\PCF.Replatform.Bootstrap.Actuators.csproj", "{4D1FA024-2DFC-4876-9BD2-9878FE1234C4}"
EndProject
Project("{9A19103F-16F7-4668-BE54-9A1E7A4F7556}") = "PCF.Replatform.Bootstrap.Configuration", "src\PCF.Replatform.Bootstrap.Configuration\PCF.Replatform.Bootstrap.Configuration.csproj", "{210EDD81-DF2C-49D4-B3E2-01B739AF3165}"
EndProject
Project("{9A19103F-16F7-4668-BE54-9A1E7A4F7556}") = "PCF.Replatform.Bootstrap.Logging", "src\PCF.Replatform.Bootstrap.Logging\PCF.Replatform.Bootstrap.Logging.csproj", "{D90F5A43-667E-4208-BB55-157579820810}"
EndProject
Project("{9A19103F-16F7-4668-BE54-9A1E7A4F7556}") = "PCF.Replatform.Bootstrap.Redis.Session", "src\PCF.Replatform.Bootstrap.Redis.Session\PCF.Replatform.Bootstrap.Redis.Session.csproj", "{43E70864-1D18-4028-BD1D-5C04BD4DAA66}"
EndProject
Project("{2150E333-8FDC-42A3-9474-1A3956D46DE8}") = "solution_items", "solution_items", "{2FDD2735-3158-43EB-94C8-3FB0F9264BEE}"
	ProjectSection(SolutionItems) = preProject
		build.bat = build.bat
		configure-build.ps1 = configure-build.ps1
		default.ps1 = default.ps1
		nugetpublishall.bat = nugetpublishall.bat
		versions.props = versions.props
	EndProjectSection
EndProject
Project("{2150E333-8FDC-42A3-9474-1A3956D46DE8}") = "test", "test", "{D8CA1673-BC3C-4518-BA6C-A23A0A201E6F}"
EndProject
Project("{FAE04EC0-301F-11D3-BF4B-00C04F79EFBC}") = "Pcf.Replat.Bootstrap.Base.Tests", "test\Pcf.Replat.Bootstrap.Base.Tests\Pcf.Replat.Bootstrap.Base.Tests.csproj", "{261A9231-922A-42FC-93E0-19EF81873A1A}"
EndProject
Project("{FAE04EC0-301F-11D3-BF4B-00C04F79EFBC}") = "PCF.Replat.Bootstra.Configuration.Tests", "test\PCF.Replat.Bootstra.Configuration.Tests\PCF.Replat.Bootstra.Configuration.Tests.csproj", "{1621AE84-3A52-48B5-8AB8-530690BF3541}"
EndProject
Global
	GlobalSection(SolutionConfigurationPlatforms) = preSolution
		Debug|Any CPU = Debug|Any CPU
		Release|Any CPU = Release|Any CPU
	EndGlobalSection
	GlobalSection(ProjectConfigurationPlatforms) = postSolution
		{5E803BC4-0E14-4BAF-9B7A-BA5361EBC4AA}.Debug|Any CPU.ActiveCfg = Debug|Any CPU
		{5E803BC4-0E14-4BAF-9B7A-BA5361EBC4AA}.Debug|Any CPU.Build.0 = Debug|Any CPU
		{5E803BC4-0E14-4BAF-9B7A-BA5361EBC4AA}.Release|Any CPU.ActiveCfg = Release|Any CPU
		{5E803BC4-0E14-4BAF-9B7A-BA5361EBC4AA}.Release|Any CPU.Build.0 = Release|Any CPU
		{4D1FA024-2DFC-4876-9BD2-9878FE1234C4}.Debug|Any CPU.ActiveCfg = Debug|Any CPU
		{4D1FA024-2DFC-4876-9BD2-9878FE1234C4}.Debug|Any CPU.Build.0 = Debug|Any CPU
		{4D1FA024-2DFC-4876-9BD2-9878FE1234C4}.Release|Any CPU.ActiveCfg = Release|Any CPU
		{4D1FA024-2DFC-4876-9BD2-9878FE1234C4}.Release|Any CPU.Build.0 = Release|Any CPU
		{210EDD81-DF2C-49D4-B3E2-01B739AF3165}.Debug|Any CPU.ActiveCfg = Debug|Any CPU
		{210EDD81-DF2C-49D4-B3E2-01B739AF3165}.Debug|Any CPU.Build.0 = Debug|Any CPU
		{210EDD81-DF2C-49D4-B3E2-01B739AF3165}.Release|Any CPU.ActiveCfg = Release|Any CPU
		{210EDD81-DF2C-49D4-B3E2-01B739AF3165}.Release|Any CPU.Build.0 = Release|Any CPU
		{D90F5A43-667E-4208-BB55-157579820810}.Debug|Any CPU.ActiveCfg = Debug|Any CPU
		{D90F5A43-667E-4208-BB55-157579820810}.Debug|Any CPU.Build.0 = Debug|Any CPU
		{D90F5A43-667E-4208-BB55-157579820810}.Release|Any CPU.ActiveCfg = Release|Any CPU
		{D90F5A43-667E-4208-BB55-157579820810}.Release|Any CPU.Build.0 = Release|Any CPU
		{43E70864-1D18-4028-BD1D-5C04BD4DAA66}.Debug|Any CPU.ActiveCfg = Debug|Any CPU
		{43E70864-1D18-4028-BD1D-5C04BD4DAA66}.Debug|Any CPU.Build.0 = Debug|Any CPU
		{43E70864-1D18-4028-BD1D-5C04BD4DAA66}.Release|Any CPU.ActiveCfg = Release|Any CPU
		{43E70864-1D18-4028-BD1D-5C04BD4DAA66}.Release|Any CPU.Build.0 = Release|Any CPU
		{261A9231-922A-42FC-93E0-19EF81873A1A}.Debug|Any CPU.ActiveCfg = Debug|Any CPU
		{261A9231-922A-42FC-93E0-19EF81873A1A}.Debug|Any CPU.Build.0 = Debug|Any CPU
		{261A9231-922A-42FC-93E0-19EF81873A1A}.Release|Any CPU.ActiveCfg = Release|Any CPU
		{261A9231-922A-42FC-93E0-19EF81873A1A}.Release|Any CPU.Build.0 = Release|Any CPU
		{1621AE84-3A52-48B5-8AB8-530690BF3541}.Debug|Any CPU.ActiveCfg = Debug|Any CPU
		{1621AE84-3A52-48B5-8AB8-530690BF3541}.Debug|Any CPU.Build.0 = Debug|Any CPU
		{1621AE84-3A52-48B5-8AB8-530690BF3541}.Release|Any CPU.ActiveCfg = Release|Any CPU
		{1621AE84-3A52-48B5-8AB8-530690BF3541}.Release|Any CPU.Build.0 = Release|Any CPU
	EndGlobalSection
	GlobalSection(SolutionProperties) = preSolution
		HideSolutionNode = FALSE
	EndGlobalSection
	GlobalSection(NestedProjects) = preSolution
		{5E803BC4-0E14-4BAF-9B7A-BA5361EBC4AA} = {27181691-9684-4254-AE70-DBF6444BCA73}
		{4D1FA024-2DFC-4876-9BD2-9878FE1234C4} = {27181691-9684-4254-AE70-DBF6444BCA73}
		{210EDD81-DF2C-49D4-B3E2-01B739AF3165} = {27181691-9684-4254-AE70-DBF6444BCA73}
		{D90F5A43-667E-4208-BB55-157579820810} = {27181691-9684-4254-AE70-DBF6444BCA73}
		{43E70864-1D18-4028-BD1D-5C04BD4DAA66} = {27181691-9684-4254-AE70-DBF6444BCA73}
		{261A9231-922A-42FC-93E0-19EF81873A1A} = {D8CA1673-BC3C-4518-BA6C-A23A0A201E6F}
		{1621AE84-3A52-48B5-8AB8-530690BF3541} = {D8CA1673-BC3C-4518-BA6C-A23A0A201E6F}
	EndGlobalSection
	GlobalSection(ExtensibilityGlobals) = postSolution
		SolutionGuid = {3D9BB3E3-9A60-436E-AFD6-65E0ED835FB8}
	EndGlobalSection
EndGlobal
