
Microsoft Visual Studio Solution File, Format Version 12.00
# Visual Studio Version 16
VisualStudioVersion = 16.0.31624.102
MinimumVisualStudioVersion = 10.0.40219.1
Project("{2150E333-8FDC-42A3-9474-1A3956D46DE8}") = "samples", "samples", "{38D8940E-06DB-4BCA-A219-E3C6A8C40940}"
EndProject
Project("{2150E333-8FDC-42A3-9474-1A3956D46DE8}") = "resis_session", "resis_session", "{2C09F51F-75FD-43EE-B71E-0B84A6FF1EDB}"
EndProject
Project("{2150E333-8FDC-42A3-9474-1A3956D46DE8}") = "logging", "logging", "{AF7F510B-3038-4254-8535-454F5D64AE20}"
EndProject
Project("{2150E333-8FDC-42A3-9474-1A3956D46DE8}") = "configuration", "configuration", "{153EFD7F-42EF-4C81-963F-9DF5E54295AC}"
EndProject
Project("{2150E333-8FDC-42A3-9474-1A3956D46DE8}") = "actuators", "actuators", "{958BEAD6-F7CC-49F1-8047-1BEB4E4883E0}"
EndProject
Project("{FAE04EC0-301F-11D3-BF4B-00C04F79EFBC}") = "WebForms", "Redis.Session\WebForms\WebForms.csproj", "{E23E0D5C-CDC4-4713-8B65-03FF9D3B051C}"
EndProject
Project("{FAE04EC0-301F-11D3-BF4B-00C04F79EFBC}") = "WebApi", "Logging\WebApi\WebApi.csproj", "{FF65C2BD-B0CE-4D78-8B02-9E05C28F450A}"
EndProject
Project("{FAE04EC0-301F-11D3-BF4B-00C04F79EFBC}") = "WebForm", "Logging\WebForm\WebForm.csproj", "{A370004D-1945-4E83-BFBA-280EC88C297B}"
EndProject
Project("{FAE04EC0-301F-11D3-BF4B-00C04F79EFBC}") = "ActuatorSample", "Actuators\ActuatorSample\ActuatorSample.csproj", "{923D74A1-20B0-4786-8969-8A030D881621}"
EndProject
Project("{FAE04EC0-301F-11D3-BF4B-00C04F79EFBC}") = "DefaultAndConfigServer", "Configuration\DefaultAndConfigServer\DefaultAndConfigServer.csproj", "{E9567715-A72B-43A9-BA9D-C08439F0D06A}"
EndProject
Project("{FAE04EC0-301F-11D3-BF4B-00C04F79EFBC}") = "DefaultConfigServerWithCredhub", "Configuration\DefaultConfigServerWithCredhub\DefaultConfigServerWithCredhub.csproj", "{D7A46D04-17B3-4038-B6E5-0C08214976B0}"
EndProject
Project("{2150E333-8FDC-42A3-9474-1A3956D46DE8}") = "allinone", "allinone", "{CDC25033-B9F8-4C40-BBFC-DD5252C7A706}"
EndProject
Project("{FAE04EC0-301F-11D3-BF4B-00C04F79EFBC}") = "AllInOneSample", "AllInOne\AllInOneSample\AllInOneSample.csproj", "{17E68CBE-C19B-4F20-A055-6670E6FF4BB2}"
EndProject
Global
	GlobalSection(SolutionConfigurationPlatforms) = preSolution
		Debug|Any CPU = Debug|Any CPU
		Release|Any CPU = Release|Any CPU
	EndGlobalSection
	GlobalSection(ProjectConfigurationPlatforms) = postSolution
		{E23E0D5C-CDC4-4713-8B65-03FF9D3B051C}.Debug|Any CPU.ActiveCfg = Debug|Any CPU
		{E23E0D5C-CDC4-4713-8B65-03FF9D3B051C}.Debug|Any CPU.Build.0 = Debug|Any CPU
		{E23E0D5C-CDC4-4713-8B65-03FF9D3B051C}.Release|Any CPU.ActiveCfg = Release|Any CPU
		{E23E0D5C-CDC4-4713-8B65-03FF9D3B051C}.Release|Any CPU.Build.0 = Release|Any CPU
		{FF65C2BD-B0CE-4D78-8B02-9E05C28F450A}.Debug|Any CPU.ActiveCfg = Debug|Any CPU
		{FF65C2BD-B0CE-4D78-8B02-9E05C28F450A}.Debug|Any CPU.Build.0 = Debug|Any CPU
		{FF65C2BD-B0CE-4D78-8B02-9E05C28F450A}.Release|Any CPU.ActiveCfg = Release|Any CPU
		{FF65C2BD-B0CE-4D78-8B02-9E05C28F450A}.Release|Any CPU.Build.0 = Release|Any CPU
		{A370004D-1945-4E83-BFBA-280EC88C297B}.Debug|Any CPU.ActiveCfg = Debug|Any CPU
		{A370004D-1945-4E83-BFBA-280EC88C297B}.Debug|Any CPU.Build.0 = Debug|Any CPU
		{A370004D-1945-4E83-BFBA-280EC88C297B}.Release|Any CPU.ActiveCfg = Release|Any CPU
		{A370004D-1945-4E83-BFBA-280EC88C297B}.Release|Any CPU.Build.0 = Release|Any CPU
		{923D74A1-20B0-4786-8969-8A030D881621}.Debug|Any CPU.ActiveCfg = Debug|Any CPU
		{923D74A1-20B0-4786-8969-8A030D881621}.Debug|Any CPU.Build.0 = Debug|Any CPU
		{923D74A1-20B0-4786-8969-8A030D881621}.Release|Any CPU.ActiveCfg = Release|Any CPU
		{923D74A1-20B0-4786-8969-8A030D881621}.Release|Any CPU.Build.0 = Release|Any CPU
		{E9567715-A72B-43A9-BA9D-C08439F0D06A}.Debug|Any CPU.ActiveCfg = Debug|Any CPU
		{E9567715-A72B-43A9-BA9D-C08439F0D06A}.Debug|Any CPU.Build.0 = Debug|Any CPU
		{E9567715-A72B-43A9-BA9D-C08439F0D06A}.Release|Any CPU.ActiveCfg = Release|Any CPU
		{E9567715-A72B-43A9-BA9D-C08439F0D06A}.Release|Any CPU.Build.0 = Release|Any CPU
		{D7A46D04-17B3-4038-B6E5-0C08214976B0}.Debug|Any CPU.ActiveCfg = Debug|Any CPU
		{D7A46D04-17B3-4038-B6E5-0C08214976B0}.Debug|Any CPU.Build.0 = Debug|Any CPU
		{D7A46D04-17B3-4038-B6E5-0C08214976B0}.Release|Any CPU.ActiveCfg = Release|Any CPU
		{D7A46D04-17B3-4038-B6E5-0C08214976B0}.Release|Any CPU.Build.0 = Release|Any CPU
		{17E68CBE-C19B-4F20-A055-6670E6FF4BB2}.Debug|Any CPU.ActiveCfg = Debug|Any CPU
		{17E68CBE-C19B-4F20-A055-6670E6FF4BB2}.Debug|Any CPU.Build.0 = Debug|Any CPU
		{17E68CBE-C19B-4F20-A055-6670E6FF4BB2}.Release|Any CPU.ActiveCfg = Release|Any CPU
		{17E68CBE-C19B-4F20-A055-6670E6FF4BB2}.Release|Any CPU.Build.0 = Release|Any CPU
	EndGlobalSection
	GlobalSection(SolutionProperties) = preSolution
		HideSolutionNode = FALSE
	EndGlobalSection
	GlobalSection(NestedProjects) = preSolution
		{2C09F51F-75FD-43EE-B71E-0B84A6FF1EDB} = {38D8940E-06DB-4BCA-A219-E3C6A8C40940}
		{AF7F510B-3038-4254-8535-454F5D64AE20} = {38D8940E-06DB-4BCA-A219-E3C6A8C40940}
		{153EFD7F-42EF-4C81-963F-9DF5E54295AC} = {38D8940E-06DB-4BCA-A219-E3C6A8C40940}
		{958BEAD6-F7CC-49F1-8047-1BEB4E4883E0} = {38D8940E-06DB-4BCA-A219-E3C6A8C40940}
		{E23E0D5C-CDC4-4713-8B65-03FF9D3B051C} = {2C09F51F-75FD-43EE-B71E-0B84A6FF1EDB}
		{FF65C2BD-B0CE-4D78-8B02-9E05C28F450A} = {AF7F510B-3038-4254-8535-454F5D64AE20}
		{A370004D-1945-4E83-BFBA-280EC88C297B} = {AF7F510B-3038-4254-8535-454F5D64AE20}
		{923D74A1-20B0-4786-8969-8A030D881621} = {958BEAD6-F7CC-49F1-8047-1BEB4E4883E0}
		{E9567715-A72B-43A9-BA9D-C08439F0D06A} = {153EFD7F-42EF-4C81-963F-9DF5E54295AC}
		{D7A46D04-17B3-4038-B6E5-0C08214976B0} = {153EFD7F-42EF-4C81-963F-9DF5E54295AC}
		{CDC25033-B9F8-4C40-BBFC-DD5252C7A706} = {38D8940E-06DB-4BCA-A219-E3C6A8C40940}
		{17E68CBE-C19B-4F20-A055-6670E6FF4BB2} = {CDC25033-B9F8-4C40-BBFC-DD5252C7A706}
	EndGlobalSection
	GlobalSection(ExtensibilityGlobals) = postSolution
		SolutionGuid = {3D9BB3E3-9A60-436E-AFD6-65E0ED835FB8}
	EndGlobalSection
EndGlobal
