
Microsoft Visual Studio Solution File, Format Version 12.00
# Visual Studio 15
VisualStudioVersion = 15.0.28307.572
MinimumVisualStudioVersion = 10.0.40219.1
Project("{2150E333-8FDC-42A3-9474-1A3956D46DE8}") = "samples", "samples", "{38D8940E-06DB-4BCA-A219-E3C6A8C40940}"
EndProject
Project("{2150E333-8FDC-42A3-9474-1A3956D46DE8}") = "resis_session", "resis_session", "{2C09F51F-75FD-43EE-B71E-0B84A6FF1EDB}"
EndProject
Project("{2150E333-8FDC-42A3-9474-1A3956D46DE8}") = "logging", "logging", "{AF7F510B-3038-4254-8535-454F5D64AE20}"
EndProject
Project("{2150E333-8FDC-42A3-9474-1A3956D46DE8}") = "configuration", "configuration", "{153EFD7F-42EF-4C81-963F-9DF5E54295AC}"
EndProject
Project("{2150E333-8FDC-42A3-9474-1A3956D46DE8}") = "actuators", "actuators", "{958BEAD6-F7CC-49F1-8047-1BEB4E4883E0}"
EndProject
Project("{2150E333-8FDC-42A3-9474-1A3956D46DE8}") = "base", "base", "{D47330C6-04A9-47DA-9F69-13871CC477EB}"
EndProject
Project("{FAE04EC0-301F-11D3-BF4B-00C04F79EFBC}") = "WebForms", "Redis.Session\WebForms\WebForms.csproj", "{E23E0D5C-CDC4-4713-8B65-03FF9D3B051C}"
EndProject
Project("{FAE04EC0-301F-11D3-BF4B-00C04F79EFBC}") = "WebApi", "Logging\WebApi\WebApi.csproj", "{FF65C2BD-B0CE-4D78-8B02-9E05C28F450A}"
EndProject
Project("{FAE04EC0-301F-11D3-BF4B-00C04F79EFBC}") = "WebForm", "Logging\WebForm\WebForm.csproj", "{A370004D-1945-4E83-BFBA-280EC88C297B}"
EndProject
Project("{FAE04EC0-301F-11D3-BF4B-00C04F79EFBC}") = "ActuatorSample", "Actuators\ActuatorSample\ActuatorSample.csproj", "{923D74A1-20B0-4786-8969-8A030D881621}"
EndProject
Project("{FAE04EC0-301F-11D3-BF4B-00C04F79EFBC}") = "DynamicHandler", "Base\DynamicHandler\DynamicHandler.csproj", "{46E642A1-39DC-4727-9445-D970AF5D73C5}"
EndProject
Project("{FAE04EC0-301F-11D3-BF4B-00C04F79EFBC}") = "DefaultAndConfigServer", "Configuration\DefaultAndConfigServer\DefaultAndConfigServer.csproj", "{E9567715-A72B-43A9-BA9D-C08439F0D06A}"
EndProject
Project("{FAE04EC0-301F-11D3-BF4B-00C04F79EFBC}") = "DefaultConfigServerWithCredhub", "Configuration\DefaultConfigServerWithCredhub\DefaultConfigServerWithCredhub.csproj", "{D7A46D04-17B3-4038-B6E5-0C08214976B0}"
EndProject
Project("{FAE04EC0-301F-11D3-BF4B-00C04F79EFBC}") = "AutofacSample", "Base\Autofac\AutofacSample.csproj", "{D45C0AFD-7617-4C7B-8259-9F9E3CDAC879}"
EndProject
Project("{FAE04EC0-301F-11D3-BF4B-00C04F79EFBC}") = "UnitySample", "Base\Unity\UnitySample.csproj", "{C510E4D3-3912-4680-B411-16FF2DDDDDBF}"
EndProject
Project("{2150E333-8FDC-42A3-9474-1A3956D46DE8}") = "allinone", "allinone", "{CDC25033-B9F8-4C40-BBFC-DD5252C7A706}"
EndProject
Project("{FAE04EC0-301F-11D3-BF4B-00C04F79EFBC}") = "AllInOneSample", "AllInOne\AllInOneSample\AllInOneSample.csproj", "{17E68CBE-C19B-4F20-A055-6670E6FF4BB2}"
EndProject
Project("{2150E333-8FDC-42A3-9474-1A3956D46DE8}") = "winauth", "winauth", "{DA13EA71-6719-43CC-B934-F6CF162B208E}"
EndProject
Project("{FAE04EC0-301F-11D3-BF4B-00C04F79EFBC}") = "WinAuthSample", "WinAuth\WinAuthSample\WinAuthSample.csproj", "{D5A19A3D-659E-42DE-9D5F-92674D4D6BF9}"
EndProject
Project("{9A19103F-16F7-4668-BE54-9A1E7A4F7556}") = "PCF.Replatform.Bootstrap.WinAuth", "..\src\PCF.Replatform.Bootstrap.WinAuth\PCF.Replatform.Bootstrap.WinAuth.csproj", "{DFED46AF-E9A3-4BDC-965B-AD308BBEBCFE}"
EndProject
Project("{9A19103F-16F7-4668-BE54-9A1E7A4F7556}") = "PCF.Replatform.Bootstrap.Base", "..\src\Pcf.Replatform.Bootstrap.Base\PCF.Replatform.Bootstrap.Base.csproj", "{B67C3FA9-C36A-4B5E-8F9E-100D13DAADB9}"
EndProject
Project("{9A19103F-16F7-4668-BE54-9A1E7A4F7556}") = "PCF.Replatform.Bootstrap.Configuration", "..\src\PCF.Replatform.Bootstrap.Configuration\PCF.Replatform.Bootstrap.Configuration.csproj", "{1270324E-E2D1-4706-81B6-E96803CCBDB2}"
EndProject
Global
	GlobalSection(SolutionConfigurationPlatforms) = preSolution
		Debug|Any CPU = Debug|Any CPU
		Release|Any CPU = Release|Any CPU
	EndGlobalSection
	GlobalSection(ProjectConfigurationPlatforms) = postSolution
		{E23E0D5C-CDC4-4713-8B65-03FF9D3B051C}.Debug|Any CPU.ActiveCfg = Debug|Any CPU
		{E23E0D5C-CDC4-4713-8B65-03FF9D3B051C}.Debug|Any CPU.Build.0 = Debug|Any CPU
		{E23E0D5C-CDC4-4713-8B65-03FF9D3B051C}.Release|Any CPU.ActiveCfg = Release|Any CPU
		{E23E0D5C-CDC4-4713-8B65-03FF9D3B051C}.Release|Any CPU.Build.0 = Release|Any CPU
		{FF65C2BD-B0CE-4D78-8B02-9E05C28F450A}.Debug|Any CPU.ActiveCfg = Debug|Any CPU
		{FF65C2BD-B0CE-4D78-8B02-9E05C28F450A}.Debug|Any CPU.Build.0 = Debug|Any CPU
		{FF65C2BD-B0CE-4D78-8B02-9E05C28F450A}.Release|Any CPU.ActiveCfg = Release|Any CPU
		{FF65C2BD-B0CE-4D78-8B02-9E05C28F450A}.Release|Any CPU.Build.0 = Release|Any CPU
		{A370004D-1945-4E83-BFBA-280EC88C297B}.Debug|Any CPU.ActiveCfg = Debug|Any CPU
		{A370004D-1945-4E83-BFBA-280EC88C297B}.Debug|Any CPU.Build.0 = Debug|Any CPU
		{A370004D-1945-4E83-BFBA-280EC88C297B}.Release|Any CPU.ActiveCfg = Release|Any CPU
		{A370004D-1945-4E83-BFBA-280EC88C297B}.Release|Any CPU.Build.0 = Release|Any CPU
		{923D74A1-20B0-4786-8969-8A030D881621}.Debug|Any CPU.ActiveCfg = Debug|Any CPU
		{923D74A1-20B0-4786-8969-8A030D881621}.Debug|Any CPU.Build.0 = Debug|Any CPU
		{923D74A1-20B0-4786-8969-8A030D881621}.Release|Any CPU.ActiveCfg = Release|Any CPU
		{923D74A1-20B0-4786-8969-8A030D881621}.Release|Any CPU.Build.0 = Release|Any CPU
		{46E642A1-39DC-4727-9445-D970AF5D73C5}.Debug|Any CPU.ActiveCfg = Debug|Any CPU
		{46E642A1-39DC-4727-9445-D970AF5D73C5}.Debug|Any CPU.Build.0 = Debug|Any CPU
		{46E642A1-39DC-4727-9445-D970AF5D73C5}.Release|Any CPU.ActiveCfg = Release|Any CPU
		{46E642A1-39DC-4727-9445-D970AF5D73C5}.Release|Any CPU.Build.0 = Release|Any CPU
		{E9567715-A72B-43A9-BA9D-C08439F0D06A}.Debug|Any CPU.ActiveCfg = Debug|Any CPU
		{E9567715-A72B-43A9-BA9D-C08439F0D06A}.Debug|Any CPU.Build.0 = Debug|Any CPU
		{E9567715-A72B-43A9-BA9D-C08439F0D06A}.Release|Any CPU.ActiveCfg = Release|Any CPU
		{E9567715-A72B-43A9-BA9D-C08439F0D06A}.Release|Any CPU.Build.0 = Release|Any CPU
		{D7A46D04-17B3-4038-B6E5-0C08214976B0}.Debug|Any CPU.ActiveCfg = Debug|Any CPU
		{D7A46D04-17B3-4038-B6E5-0C08214976B0}.Debug|Any CPU.Build.0 = Debug|Any CPU
		{D7A46D04-17B3-4038-B6E5-0C08214976B0}.Release|Any CPU.ActiveCfg = Release|Any CPU
		{D7A46D04-17B3-4038-B6E5-0C08214976B0}.Release|Any CPU.Build.0 = Release|Any CPU
		{D45C0AFD-7617-4C7B-8259-9F9E3CDAC879}.Debug|Any CPU.ActiveCfg = Debug|Any CPU
		{D45C0AFD-7617-4C7B-8259-9F9E3CDAC879}.Debug|Any CPU.Build.0 = Debug|Any CPU
		{D45C0AFD-7617-4C7B-8259-9F9E3CDAC879}.Release|Any CPU.ActiveCfg = Release|Any CPU
		{D45C0AFD-7617-4C7B-8259-9F9E3CDAC879}.Release|Any CPU.Build.0 = Release|Any CPU
		{C510E4D3-3912-4680-B411-16FF2DDDDDBF}.Debug|Any CPU.ActiveCfg = Debug|Any CPU
		{C510E4D3-3912-4680-B411-16FF2DDDDDBF}.Debug|Any CPU.Build.0 = Debug|Any CPU
		{C510E4D3-3912-4680-B411-16FF2DDDDDBF}.Release|Any CPU.ActiveCfg = Release|Any CPU
		{C510E4D3-3912-4680-B411-16FF2DDDDDBF}.Release|Any CPU.Build.0 = Release|Any CPU
		{17E68CBE-C19B-4F20-A055-6670E6FF4BB2}.Debug|Any CPU.ActiveCfg = Debug|Any CPU
		{17E68CBE-C19B-4F20-A055-6670E6FF4BB2}.Debug|Any CPU.Build.0 = Debug|Any CPU
		{17E68CBE-C19B-4F20-A055-6670E6FF4BB2}.Release|Any CPU.ActiveCfg = Release|Any CPU
		{17E68CBE-C19B-4F20-A055-6670E6FF4BB2}.Release|Any CPU.Build.0 = Release|Any CPU
		{D5A19A3D-659E-42DE-9D5F-92674D4D6BF9}.Debug|Any CPU.ActiveCfg = Debug|Any CPU
		{D5A19A3D-659E-42DE-9D5F-92674D4D6BF9}.Debug|Any CPU.Build.0 = Debug|Any CPU
		{D5A19A3D-659E-42DE-9D5F-92674D4D6BF9}.Release|Any CPU.ActiveCfg = Release|Any CPU
		{D5A19A3D-659E-42DE-9D5F-92674D4D6BF9}.Release|Any CPU.Build.0 = Release|Any CPU
		{DFED46AF-E9A3-4BDC-965B-AD308BBEBCFE}.Debug|Any CPU.ActiveCfg = Debug|Any CPU
		{DFED46AF-E9A3-4BDC-965B-AD308BBEBCFE}.Debug|Any CPU.Build.0 = Debug|Any CPU
		{DFED46AF-E9A3-4BDC-965B-AD308BBEBCFE}.Release|Any CPU.ActiveCfg = Release|Any CPU
		{DFED46AF-E9A3-4BDC-965B-AD308BBEBCFE}.Release|Any CPU.Build.0 = Release|Any CPU
		{B67C3FA9-C36A-4B5E-8F9E-100D13DAADB9}.Debug|Any CPU.ActiveCfg = Debug|Any CPU
		{B67C3FA9-C36A-4B5E-8F9E-100D13DAADB9}.Debug|Any CPU.Build.0 = Debug|Any CPU
		{B67C3FA9-C36A-4B5E-8F9E-100D13DAADB9}.Release|Any CPU.ActiveCfg = Release|Any CPU
		{B67C3FA9-C36A-4B5E-8F9E-100D13DAADB9}.Release|Any CPU.Build.0 = Release|Any CPU
		{1270324E-E2D1-4706-81B6-E96803CCBDB2}.Debug|Any CPU.ActiveCfg = Debug|Any CPU
		{1270324E-E2D1-4706-81B6-E96803CCBDB2}.Debug|Any CPU.Build.0 = Debug|Any CPU
		{1270324E-E2D1-4706-81B6-E96803CCBDB2}.Release|Any CPU.ActiveCfg = Release|Any CPU
		{1270324E-E2D1-4706-81B6-E96803CCBDB2}.Release|Any CPU.Build.0 = Release|Any CPU
	EndGlobalSection
	GlobalSection(SolutionProperties) = preSolution
		HideSolutionNode = FALSE
	EndGlobalSection
	GlobalSection(NestedProjects) = preSolution
		{2C09F51F-75FD-43EE-B71E-0B84A6FF1EDB} = {38D8940E-06DB-4BCA-A219-E3C6A8C40940}
		{AF7F510B-3038-4254-8535-454F5D64AE20} = {38D8940E-06DB-4BCA-A219-E3C6A8C40940}
		{153EFD7F-42EF-4C81-963F-9DF5E54295AC} = {38D8940E-06DB-4BCA-A219-E3C6A8C40940}
		{958BEAD6-F7CC-49F1-8047-1BEB4E4883E0} = {38D8940E-06DB-4BCA-A219-E3C6A8C40940}
		{D47330C6-04A9-47DA-9F69-13871CC477EB} = {38D8940E-06DB-4BCA-A219-E3C6A8C40940}
		{E23E0D5C-CDC4-4713-8B65-03FF9D3B051C} = {2C09F51F-75FD-43EE-B71E-0B84A6FF1EDB}
		{FF65C2BD-B0CE-4D78-8B02-9E05C28F450A} = {AF7F510B-3038-4254-8535-454F5D64AE20}
		{A370004D-1945-4E83-BFBA-280EC88C297B} = {AF7F510B-3038-4254-8535-454F5D64AE20}
		{923D74A1-20B0-4786-8969-8A030D881621} = {958BEAD6-F7CC-49F1-8047-1BEB4E4883E0}
		{46E642A1-39DC-4727-9445-D970AF5D73C5} = {D47330C6-04A9-47DA-9F69-13871CC477EB}
		{E9567715-A72B-43A9-BA9D-C08439F0D06A} = {153EFD7F-42EF-4C81-963F-9DF5E54295AC}
		{D7A46D04-17B3-4038-B6E5-0C08214976B0} = {153EFD7F-42EF-4C81-963F-9DF5E54295AC}
		{D45C0AFD-7617-4C7B-8259-9F9E3CDAC879} = {D47330C6-04A9-47DA-9F69-13871CC477EB}
		{C510E4D3-3912-4680-B411-16FF2DDDDDBF} = {D47330C6-04A9-47DA-9F69-13871CC477EB}
		{CDC25033-B9F8-4C40-BBFC-DD5252C7A706} = {38D8940E-06DB-4BCA-A219-E3C6A8C40940}
		{17E68CBE-C19B-4F20-A055-6670E6FF4BB2} = {CDC25033-B9F8-4C40-BBFC-DD5252C7A706}
		{DA13EA71-6719-43CC-B934-F6CF162B208E} = {38D8940E-06DB-4BCA-A219-E3C6A8C40940}
		{D5A19A3D-659E-42DE-9D5F-92674D4D6BF9} = {DA13EA71-6719-43CC-B934-F6CF162B208E}
		{DFED46AF-E9A3-4BDC-965B-AD308BBEBCFE} = {DA13EA71-6719-43CC-B934-F6CF162B208E}
		{B67C3FA9-C36A-4B5E-8F9E-100D13DAADB9} = {DA13EA71-6719-43CC-B934-F6CF162B208E}
		{1270324E-E2D1-4706-81B6-E96803CCBDB2} = {DA13EA71-6719-43CC-B934-F6CF162B208E}
	EndGlobalSection
	GlobalSection(ExtensibilityGlobals) = postSolution
		SolutionGuid = {3D9BB3E3-9A60-436E-AFD6-65E0ED835FB8}
	EndGlobalSection
EndGlobal
