
Microsoft Visual Studio Solution File, Format Version 12.00
# Visual Studio 15
VisualStudioVersion = 15.0.28307.572
MinimumVisualStudioVersion = 10.0.40219.1
Project("{2150E333-8FDC-42A3-9474-1A3956D46DE8}") = "samples", "samples", "{38D8940E-06DB-4BCA-A219-E3C6A8C40940}"
EndProject
Project("{2150E333-8FDC-42A3-9474-1A3956D46DE8}") = "resis_session", "resis_session", "{2C09F51F-75FD-43EE-B71E-0B84A6FF1EDB}"
EndProject
Project("{2150E333-8FDC-42A3-9474-1A3956D46DE8}") = "logging", "logging", "{AF7F510B-3038-4254-8535-454F5D64AE20}"
EndProject
Project("{2150E333-8FDC-42A3-9474-1A3956D46DE8}") = "configuration", "configuration", "{153EFD7F-42EF-4C81-963F-9DF5E54295AC}"
EndProject
Project("{2150E333-8FDC-42A3-9474-1A3956D46DE8}") = "actuators", "actuators", "{958BEAD6-F7CC-49F1-8047-1BEB4E4883E0}"
EndProject
Project("{2150E333-8FDC-42A3-9474-1A3956D46DE8}") = "base", "base", "{D47330C6-04A9-47DA-9F69-13871CC477EB}"
EndProject
Project("{FAE04EC0-301F-11D3-BF4B-00C04F79EFBC}") = "WebForms", "Redis.Session\WebForms\WebForms.csproj", "{E23E0D5C-CDC4-4713-8B65-03FF9D3B051C}"
EndProject
Project("{FAE04EC0-301F-11D3-BF4B-00C04F79EFBC}") = "WebApi", "Logging\WebApi\WebApi.csproj", "{FF65C2BD-B0CE-4D78-8B02-9E05C28F450A}"
EndProject
Project("{FAE04EC0-301F-11D3-BF4B-00C04F79EFBC}") = "WebForm", "Logging\WebForm\WebForm.csproj", "{A370004D-1945-4E83-BFBA-280EC88C297B}"
EndProject
Project("{FAE04EC0-301F-11D3-BF4B-00C04F79EFBC}") = "ActuatorSample", "Actuators\ActuatorSample\ActuatorSample.csproj", "{923D74A1-20B0-4786-8969-8A030D881621}"
EndProject
Project("{FAE04EC0-301F-11D3-BF4B-00C04F79EFBC}") = "DynamicHandler", "Base\DynamicHandler\DynamicHandler.csproj", "{46E642A1-39DC-4727-9445-D970AF5D73C5}"
EndProject
Project("{FAE04EC0-301F-11D3-BF4B-00C04F79EFBC}") = "DefaultAndConfigServer", "Configuration\DefaultAndConfigServer\DefaultAndConfigServer.csproj", "{E9567715-A72B-43A9-BA9D-C08439F0D06A}"
EndProject
Project("{FAE04EC0-301F-11D3-BF4B-00C04F79EFBC}") = "DefaultConfigServerWithCredhub", "Configuration\DefaultConfigServerWithCredhub\DefaultConfigServerWithCredhub.csproj", "{D7A46D04-17B3-4038-B6E5-0C08214976B0}"
EndProject
Project("{9A19103F-16F7-4668-BE54-9A1E7A4F7556}") = "PCF.Replatform.Bootstrap.Redis.Session", "..\src\PCF.Replatform.Bootstrap.Redis.Session\PCF.Replatform.Bootstrap.Redis.Session.csproj", "{227EA594-8A77-4A72-9F39-8B73FFD2EE79}"
EndProject
Project("{9A19103F-16F7-4668-BE54-9A1E7A4F7556}") = "PCF.Replatform.Bootstrap.Base", "..\src\Pcf.Replatform.Bootstrap.Base\PCF.Replatform.Bootstrap.Base.csproj", "{CC6A1C47-8AA9-45D0-9C0A-AD15DCFFE04A}"
EndProject
Global
	GlobalSection(SolutionConfigurationPlatforms) = preSolution
		Debug|Any CPU = Debug|Any CPU
		Release|Any CPU = Release|Any CPU
	EndGlobalSection
	GlobalSection(ProjectConfigurationPlatforms) = postSolution
		{E23E0D5C-CDC4-4713-8B65-03FF9D3B051C}.Debug|Any CPU.ActiveCfg = Debug|Any CPU
		{E23E0D5C-CDC4-4713-8B65-03FF9D3B051C}.Debug|Any CPU.Build.0 = Debug|Any CPU
		{E23E0D5C-CDC4-4713-8B65-03FF9D3B051C}.Release|Any CPU.ActiveCfg = Release|Any CPU
		{E23E0D5C-CDC4-4713-8B65-03FF9D3B051C}.Release|Any CPU.Build.0 = Release|Any CPU
		{FF65C2BD-B0CE-4D78-8B02-9E05C28F450A}.Debug|Any CPU.ActiveCfg = Debug|Any CPU
		{FF65C2BD-B0CE-4D78-8B02-9E05C28F450A}.Debug|Any CPU.Build.0 = Debug|Any CPU
		{FF65C2BD-B0CE-4D78-8B02-9E05C28F450A}.Release|Any CPU.ActiveCfg = Release|Any CPU
		{FF65C2BD-B0CE-4D78-8B02-9E05C28F450A}.Release|Any CPU.Build.0 = Release|Any CPU
		{A370004D-1945-4E83-BFBA-280EC88C297B}.Debug|Any CPU.ActiveCfg = Debug|Any CPU
		{A370004D-1945-4E83-BFBA-280EC88C297B}.Debug|Any CPU.Build.0 = Debug|Any CPU
		{A370004D-1945-4E83-BFBA-280EC88C297B}.Release|Any CPU.ActiveCfg = Release|Any CPU
		{A370004D-1945-4E83-BFBA-280EC88C297B}.Release|Any CPU.Build.0 = Release|Any CPU
		{923D74A1-20B0-4786-8969-8A030D881621}.Debug|Any CPU.ActiveCfg = Debug|Any CPU
		{923D74A1-20B0-4786-8969-8A030D881621}.Debug|Any CPU.Build.0 = Debug|Any CPU
		{923D74A1-20B0-4786-8969-8A030D881621}.Release|Any CPU.ActiveCfg = Release|Any CPU
		{923D74A1-20B0-4786-8969-8A030D881621}.Release|Any CPU.Build.0 = Release|Any CPU
		{46E642A1-39DC-4727-9445-D970AF5D73C5}.Debug|Any CPU.ActiveCfg = Debug|Any CPU
		{46E642A1-39DC-4727-9445-D970AF5D73C5}.Debug|Any CPU.Build.0 = Debug|Any CPU
		{46E642A1-39DC-4727-9445-D970AF5D73C5}.Release|Any CPU.ActiveCfg = Release|Any CPU
		{46E642A1-39DC-4727-9445-D970AF5D73C5}.Release|Any CPU.Build.0 = Release|Any CPU
		{E9567715-A72B-43A9-BA9D-C08439F0D06A}.Debug|Any CPU.ActiveCfg = Debug|Any CPU
		{E9567715-A72B-43A9-BA9D-C08439F0D06A}.Debug|Any CPU.Build.0 = Debug|Any CPU
		{E9567715-A72B-43A9-BA9D-C08439F0D06A}.Release|Any CPU.ActiveCfg = Release|Any CPU
		{E9567715-A72B-43A9-BA9D-C08439F0D06A}.Release|Any CPU.Build.0 = Release|Any CPU
		{D7A46D04-17B3-4038-B6E5-0C08214976B0}.Debug|Any CPU.ActiveCfg = Debug|Any CPU
		{D7A46D04-17B3-4038-B6E5-0C08214976B0}.Debug|Any CPU.Build.0 = Debug|Any CPU
		{D7A46D04-17B3-4038-B6E5-0C08214976B0}.Release|Any CPU.ActiveCfg = Release|Any CPU
		{D7A46D04-17B3-4038-B6E5-0C08214976B0}.Release|Any CPU.Build.0 = Release|Any CPU
		{227EA594-8A77-4A72-9F39-8B73FFD2EE79}.Debug|Any CPU.ActiveCfg = Debug|Any CPU
		{227EA594-8A77-4A72-9F39-8B73FFD2EE79}.Debug|Any CPU.Build.0 = Debug|Any CPU
		{227EA594-8A77-4A72-9F39-8B73FFD2EE79}.Release|Any CPU.ActiveCfg = Release|Any CPU
		{227EA594-8A77-4A72-9F39-8B73FFD2EE79}.Release|Any CPU.Build.0 = Release|Any CPU
		{CC6A1C47-8AA9-45D0-9C0A-AD15DCFFE04A}.Debug|Any CPU.ActiveCfg = Debug|Any CPU
		{CC6A1C47-8AA9-45D0-9C0A-AD15DCFFE04A}.Debug|Any CPU.Build.0 = Debug|Any CPU
		{CC6A1C47-8AA9-45D0-9C0A-AD15DCFFE04A}.Release|Any CPU.ActiveCfg = Release|Any CPU
		{CC6A1C47-8AA9-45D0-9C0A-AD15DCFFE04A}.Release|Any CPU.Build.0 = Release|Any CPU
	EndGlobalSection
	GlobalSection(SolutionProperties) = preSolution
		HideSolutionNode = FALSE
	EndGlobalSection
	GlobalSection(NestedProjects) = preSolution
		{2C09F51F-75FD-43EE-B71E-0B84A6FF1EDB} = {38D8940E-06DB-4BCA-A219-E3C6A8C40940}
		{AF7F510B-3038-4254-8535-454F5D64AE20} = {38D8940E-06DB-4BCA-A219-E3C6A8C40940}
		{153EFD7F-42EF-4C81-963F-9DF5E54295AC} = {38D8940E-06DB-4BCA-A219-E3C6A8C40940}
		{958BEAD6-F7CC-49F1-8047-1BEB4E4883E0} = {38D8940E-06DB-4BCA-A219-E3C6A8C40940}
		{D47330C6-04A9-47DA-9F69-13871CC477EB} = {38D8940E-06DB-4BCA-A219-E3C6A8C40940}
		{E23E0D5C-CDC4-4713-8B65-03FF9D3B051C} = {2C09F51F-75FD-43EE-B71E-0B84A6FF1EDB}
		{FF65C2BD-B0CE-4D78-8B02-9E05C28F450A} = {AF7F510B-3038-4254-8535-454F5D64AE20}
		{A370004D-1945-4E83-BFBA-280EC88C297B} = {AF7F510B-3038-4254-8535-454F5D64AE20}
		{923D74A1-20B0-4786-8969-8A030D881621} = {958BEAD6-F7CC-49F1-8047-1BEB4E4883E0}
		{46E642A1-39DC-4727-9445-D970AF5D73C5} = {D47330C6-04A9-47DA-9F69-13871CC477EB}
		{E9567715-A72B-43A9-BA9D-C08439F0D06A} = {153EFD7F-42EF-4C81-963F-9DF5E54295AC}
		{D7A46D04-17B3-4038-B6E5-0C08214976B0} = {153EFD7F-42EF-4C81-963F-9DF5E54295AC}
		{227EA594-8A77-4A72-9F39-8B73FFD2EE79} = {2C09F51F-75FD-43EE-B71E-0B84A6FF1EDB}
		{CC6A1C47-8AA9-45D0-9C0A-AD15DCFFE04A} = {2C09F51F-75FD-43EE-B71E-0B84A6FF1EDB}
	EndGlobalSection
	GlobalSection(ExtensibilityGlobals) = postSolution
		SolutionGuid = {3D9BB3E3-9A60-436E-AFD6-65E0ED835FB8}
	EndGlobalSection
EndGlobal
